{
  "name": "yt-dlp",
  "lockfileVersion": 3,
  "requires": true,
  "packages": {
    "": {
      "dependencies": {
        "yt-dlp-wrap": "^2.3.12"
      }
    },
    "node_modules/yt-dlp-wrap": {
      "version": "2.3.12",
      "resolved": "https://registry.npmjs.org/yt-dlp-wrap/-/yt-dlp-wrap-2.3.12.tgz",
      "integrity": "sha512-P8fJ+6M1YjukyJENCTviNLiZ8mokxprR54ho3DsSKPWDcac489OjRiStGEARJr6un6ETS6goTn4CWl/b/rM3aA=="
    }
  }
}
